
Microsoft Visual Studio Solution File, Format Version 12.00
# Visual Studio 15
VisualStudioVersion = 15.0.26124.0
MinimumVisualStudioVersion = 15.0.26124.0
Project("{2150E333-8FDC-42A3-9474-1A3956D46DE8}") = "NActiviti", "NActiviti", "{368B0532-0470-47DF-A302-4831BAEFFEC8}"
EndProject
Project("{9A19103F-16F7-4668-BE54-9A1E7A4F7556}") = "Sys.Bpm.Engine", "NActiviti\Sys.Bpm.Engine\Sys.Bpm.Engine.csproj", "{EFAC21D0-376A-412F-8F88-553209A93D92}"
EndProject
Project("{9A19103F-16F7-4668-BE54-9A1E7A4F7556}") = "Sys.Bpm.Model", "NActiviti\Sys.Bpm.Model\Sys.Bpm.Model.csproj", "{EFC1EED8-01C6-4B03-926B-6E9A39B51BFB}"
EndProject
Project("{9A19103F-16F7-4668-BE54-9A1E7A4F7556}") = "Sys.Bpm.Rest", "NActiviti\Sys.Bpm.Rest\Sys.Bpm.Rest.csproj", "{EE3E481A-9401-41D3-B454-93D982099481}"
EndProject
Project("{9A19103F-16F7-4668-BE54-9A1E7A4F7556}") = "Spring.Core", "Spring.Core\Spring.Core.csproj", "{F64E8F20-A899-4C89-8530-9F25A1EEF3CA}"
EndProject
Project("{2150E333-8FDC-42A3-9474-1A3956D46DE8}") = "Smart.Sql", "Smart.Sql", "{C98D0612-3D82-431C-AA6D-BB75A7665B57}"
EndProject
Project("{9A19103F-16F7-4668-BE54-9A1E7A4F7556}") = "SmartSql", "Smart.Sql\SmartSql\SmartSql.csproj", "{CBB2E156-66D8-417F-9227-C0623F506653}"
EndProject
Project("{9A19103F-16F7-4668-BE54-9A1E7A4F7556}") = "SmartSql.DapperDeserializer", "Smart.Sql\SmartSql.DapperDeserializer\SmartSql.DapperDeserializer.csproj", "{7DF4CDC8-33EF-4456-96AB-2A030130B717}"
EndProject
Project("{9A19103F-16F7-4668-BE54-9A1E7A4F7556}") = "SmartSql.DIExtension", "Smart.Sql\SmartSql.DIExtension\SmartSql.DIExtension.csproj", "{8D9BEDF5-8AF1-4358-8038-82FE6E71902B}"
EndProject
Project("{9A19103F-16F7-4668-BE54-9A1E7A4F7556}") = "SmartSql.DyRepository", "Smart.Sql\SmartSql.DyRepository\SmartSql.DyRepository.csproj", "{0DD87896-F2AB-4FC8-9323-49E22AD1569C}"
EndProject
Project("{9A19103F-16F7-4668-BE54-9A1E7A4F7556}") = "SmartSql.TypeHandler", "Smart.Sql\SmartSql.TypeHandler\SmartSql.TypeHandler.csproj", "{F1F7A35F-9156-4498-9B13-2C01FED33F72}"
EndProject
Project("{2150E333-8FDC-42A3-9474-1A3956D46DE8}") = "说明", "说明", "{4E99C3D6-917B-495D-858F-6CE8328277CA}"
	ProjectSection(SolutionItems) = preProject
		license.txt = license.txt
		readme.txt = readme.txt
	EndProjectSection
EndProject
Project("{9A19103F-16F7-4668-BE54-9A1E7A4F7556}") = "BpmnTest", "NActiviti\BpmnTest\BpmnTest.csproj", "{D9769C7A-D75F-49A9-9A78-999A60DBDE24}"
EndProject
Project("{9A19103F-16F7-4668-BE54-9A1E7A4F7556}") = "BpmnWebApiTest", "BpmnWebTest\BpmnWebApiTest.csproj", "{2A0BFD7B-4737-4932-B937-83F7958703F0}"
EndProject
Project("{2150E333-8FDC-42A3-9474-1A3956D46DE8}") = "Solution Items", "Solution Items", "{5BA0D35E-83CF-4AA4-8958-E4BDEB6F7477}"
	ProjectSection(SolutionItems) = preProject
		gloable.json = gloable.json
	EndProjectSection
EndProject
Global
	GlobalSection(SolutionConfigurationPlatforms) = preSolution
		Debug|Any CPU = Debug|Any CPU
		Debug|x64 = Debug|x64
		Debug|x86 = Debug|x86
		Release|Any CPU = Release|Any CPU
		Release|x64 = Release|x64
		Release|x86 = Release|x86
	EndGlobalSection
	GlobalSection(ProjectConfigurationPlatforms) = postSolution
		{EFAC21D0-376A-412F-8F88-553209A93D92}.Debug|Any CPU.ActiveCfg = Debug|Any CPU
		{EFAC21D0-376A-412F-8F88-553209A93D92}.Debug|Any CPU.Build.0 = Debug|Any CPU
		{EFAC21D0-376A-412F-8F88-553209A93D92}.Debug|x64.ActiveCfg = Debug|Any CPU
		{EFAC21D0-376A-412F-8F88-553209A93D92}.Debug|x64.Build.0 = Debug|Any CPU
		{EFAC21D0-376A-412F-8F88-553209A93D92}.Debug|x86.ActiveCfg = Debug|Any CPU
		{EFAC21D0-376A-412F-8F88-553209A93D92}.Debug|x86.Build.0 = Debug|Any CPU
		{EFAC21D0-376A-412F-8F88-553209A93D92}.Release|Any CPU.ActiveCfg = Debug|Any CPU
		{EFAC21D0-376A-412F-8F88-553209A93D92}.Release|Any CPU.Build.0 = Debug|Any CPU
		{EFAC21D0-376A-412F-8F88-553209A93D92}.Release|x64.ActiveCfg = Release|Any CPU
		{EFAC21D0-376A-412F-8F88-553209A93D92}.Release|x64.Build.0 = Release|Any CPU
		{EFAC21D0-376A-412F-8F88-553209A93D92}.Release|x86.ActiveCfg = Release|Any CPU
		{EFAC21D0-376A-412F-8F88-553209A93D92}.Release|x86.Build.0 = Release|Any CPU
		{EFC1EED8-01C6-4B03-926B-6E9A39B51BFB}.Debug|Any CPU.ActiveCfg = Debug|Any CPU
		{EFC1EED8-01C6-4B03-926B-6E9A39B51BFB}.Debug|Any CPU.Build.0 = Debug|Any CPU
		{EFC1EED8-01C6-4B03-926B-6E9A39B51BFB}.Debug|x64.ActiveCfg = Debug|Any CPU
		{EFC1EED8-01C6-4B03-926B-6E9A39B51BFB}.Debug|x64.Build.0 = Debug|Any CPU
		{EFC1EED8-01C6-4B03-926B-6E9A39B51BFB}.Debug|x86.ActiveCfg = Debug|Any CPU
		{EFC1EED8-01C6-4B03-926B-6E9A39B51BFB}.Debug|x86.Build.0 = Debug|Any CPU
		{EFC1EED8-01C6-4B03-926B-6E9A39B51BFB}.Release|Any CPU.ActiveCfg = Debug|Any CPU
		{EFC1EED8-01C6-4B03-926B-6E9A39B51BFB}.Release|Any CPU.Build.0 = Debug|Any CPU
		{EFC1EED8-01C6-4B03-926B-6E9A39B51BFB}.Release|x64.ActiveCfg = Release|Any CPU
		{EFC1EED8-01C6-4B03-926B-6E9A39B51BFB}.Release|x64.Build.0 = Release|Any CPU
		{EFC1EED8-01C6-4B03-926B-6E9A39B51BFB}.Release|x86.ActiveCfg = Release|Any CPU
		{EFC1EED8-01C6-4B03-926B-6E9A39B51BFB}.Release|x86.Build.0 = Release|Any CPU
		{EE3E481A-9401-41D3-B454-93D982099481}.Debug|Any CPU.ActiveCfg = Debug|Any CPU
		{EE3E481A-9401-41D3-B454-93D982099481}.Debug|Any CPU.Build.0 = Debug|Any CPU
		{EE3E481A-9401-41D3-B454-93D982099481}.Debug|x64.ActiveCfg = Debug|Any CPU
		{EE3E481A-9401-41D3-B454-93D982099481}.Debug|x64.Build.0 = Debug|Any CPU
		{EE3E481A-9401-41D3-B454-93D982099481}.Debug|x86.ActiveCfg = Debug|Any CPU
		{EE3E481A-9401-41D3-B454-93D982099481}.Debug|x86.Build.0 = Debug|Any CPU
		{EE3E481A-9401-41D3-B454-93D982099481}.Release|Any CPU.ActiveCfg = Debug|Any CPU
		{EE3E481A-9401-41D3-B454-93D982099481}.Release|Any CPU.Build.0 = Debug|Any CPU
		{EE3E481A-9401-41D3-B454-93D982099481}.Release|x64.ActiveCfg = Release|Any CPU
		{EE3E481A-9401-41D3-B454-93D982099481}.Release|x64.Build.0 = Release|Any CPU
		{EE3E481A-9401-41D3-B454-93D982099481}.Release|x86.ActiveCfg = Release|Any CPU
		{EE3E481A-9401-41D3-B454-93D982099481}.Release|x86.Build.0 = Release|Any CPU
		{F64E8F20-A899-4C89-8530-9F25A1EEF3CA}.Debug|Any CPU.ActiveCfg = Debug|Any CPU
		{F64E8F20-A899-4C89-8530-9F25A1EEF3CA}.Debug|Any CPU.Build.0 = Debug|Any CPU
		{F64E8F20-A899-4C89-8530-9F25A1EEF3CA}.Debug|x64.ActiveCfg = Debug|Any CPU
		{F64E8F20-A899-4C89-8530-9F25A1EEF3CA}.Debug|x64.Build.0 = Debug|Any CPU
		{F64E8F20-A899-4C89-8530-9F25A1EEF3CA}.Debug|x86.ActiveCfg = Debug|Any CPU
		{F64E8F20-A899-4C89-8530-9F25A1EEF3CA}.Debug|x86.Build.0 = Debug|Any CPU
		{F64E8F20-A899-4C89-8530-9F25A1EEF3CA}.Release|Any CPU.ActiveCfg = Debug|Any CPU
		{F64E8F20-A899-4C89-8530-9F25A1EEF3CA}.Release|Any CPU.Build.0 = Debug|Any CPU
		{F64E8F20-A899-4C89-8530-9F25A1EEF3CA}.Release|x64.ActiveCfg = Release|Any CPU
		{F64E8F20-A899-4C89-8530-9F25A1EEF3CA}.Release|x64.Build.0 = Release|Any CPU
		{F64E8F20-A899-4C89-8530-9F25A1EEF3CA}.Release|x86.ActiveCfg = Release|Any CPU
		{F64E8F20-A899-4C89-8530-9F25A1EEF3CA}.Release|x86.Build.0 = Release|Any CPU
		{CBB2E156-66D8-417F-9227-C0623F506653}.Debug|Any CPU.ActiveCfg = Debug|Any CPU
		{CBB2E156-66D8-417F-9227-C0623F506653}.Debug|Any CPU.Build.0 = Debug|Any CPU
		{CBB2E156-66D8-417F-9227-C0623F506653}.Debug|x64.ActiveCfg = Debug|Any CPU
		{CBB2E156-66D8-417F-9227-C0623F506653}.Debug|x64.Build.0 = Debug|Any CPU
		{CBB2E156-66D8-417F-9227-C0623F506653}.Debug|x86.ActiveCfg = Debug|Any CPU
		{CBB2E156-66D8-417F-9227-C0623F506653}.Debug|x86.Build.0 = Debug|Any CPU
		{CBB2E156-66D8-417F-9227-C0623F506653}.Release|Any CPU.ActiveCfg = Debug|Any CPU
		{CBB2E156-66D8-417F-9227-C0623F506653}.Release|Any CPU.Build.0 = Debug|Any CPU
		{CBB2E156-66D8-417F-9227-C0623F506653}.Release|x64.ActiveCfg = Release|Any CPU
		{CBB2E156-66D8-417F-9227-C0623F506653}.Release|x64.Build.0 = Release|Any CPU
		{CBB2E156-66D8-417F-9227-C0623F506653}.Release|x86.ActiveCfg = Release|Any CPU
		{CBB2E156-66D8-417F-9227-C0623F506653}.Release|x86.Build.0 = Release|Any CPU
		{7DF4CDC8-33EF-4456-96AB-2A030130B717}.Debug|Any CPU.ActiveCfg = Debug|Any CPU
		{7DF4CDC8-33EF-4456-96AB-2A030130B717}.Debug|Any CPU.Build.0 = Debug|Any CPU
		{7DF4CDC8-33EF-4456-96AB-2A030130B717}.Debug|x64.ActiveCfg = Debug|Any CPU
		{7DF4CDC8-33EF-4456-96AB-2A030130B717}.Debug|x64.Build.0 = Debug|Any CPU
		{7DF4CDC8-33EF-4456-96AB-2A030130B717}.Debug|x86.ActiveCfg = Debug|Any CPU
		{7DF4CDC8-33EF-4456-96AB-2A030130B717}.Debug|x86.Build.0 = Debug|Any CPU
		{7DF4CDC8-33EF-4456-96AB-2A030130B717}.Release|Any CPU.ActiveCfg = Debug|Any CPU
		{7DF4CDC8-33EF-4456-96AB-2A030130B717}.Release|Any CPU.Build.0 = Debug|Any CPU
		{7DF4CDC8-33EF-4456-96AB-2A030130B717}.Release|x64.ActiveCfg = Release|Any CPU
		{7DF4CDC8-33EF-4456-96AB-2A030130B717}.Release|x64.Build.0 = Release|Any CPU
		{7DF4CDC8-33EF-4456-96AB-2A030130B717}.Release|x86.ActiveCfg = Release|Any CPU
		{7DF4CDC8-33EF-4456-96AB-2A030130B717}.Release|x86.Build.0 = Release|Any CPU
		{8D9BEDF5-8AF1-4358-8038-82FE6E71902B}.Debug|Any CPU.ActiveCfg = Debug|Any CPU
		{8D9BEDF5-8AF1-4358-8038-82FE6E71902B}.Debug|Any CPU.Build.0 = Debug|Any CPU
		{8D9BEDF5-8AF1-4358-8038-82FE6E71902B}.Debug|x64.ActiveCfg = Debug|Any CPU
		{8D9BEDF5-8AF1-4358-8038-82FE6E71902B}.Debug|x64.Build.0 = Debug|Any CPU
		{8D9BEDF5-8AF1-4358-8038-82FE6E71902B}.Debug|x86.ActiveCfg = Debug|Any CPU
		{8D9BEDF5-8AF1-4358-8038-82FE6E71902B}.Debug|x86.Build.0 = Debug|Any CPU
		{8D9BEDF5-8AF1-4358-8038-82FE6E71902B}.Release|Any CPU.ActiveCfg = Debug|Any CPU
		{8D9BEDF5-8AF1-4358-8038-82FE6E71902B}.Release|Any CPU.Build.0 = Debug|Any CPU
		{8D9BEDF5-8AF1-4358-8038-82FE6E71902B}.Release|x64.ActiveCfg = Release|Any CPU
		{8D9BEDF5-8AF1-4358-8038-82FE6E71902B}.Release|x64.Build.0 = Release|Any CPU
		{8D9BEDF5-8AF1-4358-8038-82FE6E71902B}.Release|x86.ActiveCfg = Release|Any CPU
		{8D9BEDF5-8AF1-4358-8038-82FE6E71902B}.Release|x86.Build.0 = Release|Any CPU
		{0DD87896-F2AB-4FC8-9323-49E22AD1569C}.Debug|Any CPU.ActiveCfg = Debug|Any CPU
		{0DD87896-F2AB-4FC8-9323-49E22AD1569C}.Debug|Any CPU.Build.0 = Debug|Any CPU
		{0DD87896-F2AB-4FC8-9323-49E22AD1569C}.Debug|x64.ActiveCfg = Debug|Any CPU
		{0DD87896-F2AB-4FC8-9323-49E22AD1569C}.Debug|x64.Build.0 = Debug|Any CPU
		{0DD87896-F2AB-4FC8-9323-49E22AD1569C}.Debug|x86.ActiveCfg = Debug|Any CPU
		{0DD87896-F2AB-4FC8-9323-49E22AD1569C}.Debug|x86.Build.0 = Debug|Any CPU
		{0DD87896-F2AB-4FC8-9323-49E22AD1569C}.Release|Any CPU.ActiveCfg = Debug|Any CPU
		{0DD87896-F2AB-4FC8-9323-49E22AD1569C}.Release|Any CPU.Build.0 = Debug|Any CPU
		{0DD87896-F2AB-4FC8-9323-49E22AD1569C}.Release|x64.ActiveCfg = Release|Any CPU
		{0DD87896-F2AB-4FC8-9323-49E22AD1569C}.Release|x64.Build.0 = Release|Any CPU
		{0DD87896-F2AB-4FC8-9323-49E22AD1569C}.Release|x86.ActiveCfg = Release|Any CPU
		{0DD87896-F2AB-4FC8-9323-49E22AD1569C}.Release|x86.Build.0 = Release|Any CPU
		{F1F7A35F-9156-4498-9B13-2C01FED33F72}.Debug|Any CPU.ActiveCfg = Debug|Any CPU
		{F1F7A35F-9156-4498-9B13-2C01FED33F72}.Debug|Any CPU.Build.0 = Debug|Any CPU
		{F1F7A35F-9156-4498-9B13-2C01FED33F72}.Debug|x64.ActiveCfg = Debug|Any CPU
		{F1F7A35F-9156-4498-9B13-2C01FED33F72}.Debug|x64.Build.0 = Debug|Any CPU
		{F1F7A35F-9156-4498-9B13-2C01FED33F72}.Debug|x86.ActiveCfg = Debug|Any CPU
		{F1F7A35F-9156-4498-9B13-2C01FED33F72}.Debug|x86.Build.0 = Debug|Any CPU
		{F1F7A35F-9156-4498-9B13-2C01FED33F72}.Release|Any CPU.ActiveCfg = Debug|Any CPU
		{F1F7A35F-9156-4498-9B13-2C01FED33F72}.Release|Any CPU.Build.0 = Debug|Any CPU
		{F1F7A35F-9156-4498-9B13-2C01FED33F72}.Release|x64.ActiveCfg = Release|Any CPU
		{F1F7A35F-9156-4498-9B13-2C01FED33F72}.Release|x64.Build.0 = Release|Any CPU
		{F1F7A35F-9156-4498-9B13-2C01FED33F72}.Release|x86.ActiveCfg = Release|Any CPU
		{F1F7A35F-9156-4498-9B13-2C01FED33F72}.Release|x86.Build.0 = Release|Any CPU
		{D9769C7A-D75F-49A9-9A78-999A60DBDE24}.Debug|Any CPU.ActiveCfg = Debug|Any CPU
		{D9769C7A-D75F-49A9-9A78-999A60DBDE24}.Debug|Any CPU.Build.0 = Debug|Any CPU
		{D9769C7A-D75F-49A9-9A78-999A60DBDE24}.Debug|x64.ActiveCfg = Debug|Any CPU
		{D9769C7A-D75F-49A9-9A78-999A60DBDE24}.Debug|x64.Build.0 = Debug|Any CPU
		{D9769C7A-D75F-49A9-9A78-999A60DBDE24}.Debug|x86.ActiveCfg = Debug|Any CPU
		{D9769C7A-D75F-49A9-9A78-999A60DBDE24}.Debug|x86.Build.0 = Debug|Any CPU
		{D9769C7A-D75F-49A9-9A78-999A60DBDE24}.Release|Any CPU.ActiveCfg = Release|Any CPU
		{D9769C7A-D75F-49A9-9A78-999A60DBDE24}.Release|Any CPU.Build.0 = Release|Any CPU
		{D9769C7A-D75F-49A9-9A78-999A60DBDE24}.Release|x64.ActiveCfg = Release|Any CPU
		{D9769C7A-D75F-49A9-9A78-999A60DBDE24}.Release|x64.Build.0 = Release|Any CPU
		{D9769C7A-D75F-49A9-9A78-999A60DBDE24}.Release|x86.ActiveCfg = Release|Any CPU
		{D9769C7A-D75F-49A9-9A78-999A60DBDE24}.Release|x86.Build.0 = Release|Any CPU
		{2A0BFD7B-4737-4932-B937-83F7958703F0}.Debug|Any CPU.ActiveCfg = Debug|Any CPU
		{2A0BFD7B-4737-4932-B937-83F7958703F0}.Debug|Any CPU.Build.0 = Debug|Any CPU
		{2A0BFD7B-4737-4932-B937-83F7958703F0}.Debug|x64.ActiveCfg = Debug|Any CPU
		{2A0BFD7B-4737-4932-B937-83F7958703F0}.Debug|x64.Build.0 = Debug|Any CPU
		{2A0BFD7B-4737-4932-B937-83F7958703F0}.Debug|x86.ActiveCfg = Debug|Any CPU
		{2A0BFD7B-4737-4932-B937-83F7958703F0}.Debug|x86.Build.0 = Debug|Any CPU
		{2A0BFD7B-4737-4932-B937-83F7958703F0}.Release|Any CPU.ActiveCfg = Release|Any CPU
		{2A0BFD7B-4737-4932-B937-83F7958703F0}.Release|Any CPU.Build.0 = Release|Any CPU
		{2A0BFD7B-4737-4932-B937-83F7958703F0}.Release|x64.ActiveCfg = Release|Any CPU
		{2A0BFD7B-4737-4932-B937-83F7958703F0}.Release|x64.Build.0 = Release|Any CPU
		{2A0BFD7B-4737-4932-B937-83F7958703F0}.Release|x86.ActiveCfg = Release|Any CPU
		{2A0BFD7B-4737-4932-B937-83F7958703F0}.Release|x86.Build.0 = Release|Any CPU
	EndGlobalSection
	GlobalSection(SolutionProperties) = preSolution
		HideSolutionNode = FALSE
	EndGlobalSection
	GlobalSection(NestedProjects) = preSolution
		{EFAC21D0-376A-412F-8F88-553209A93D92} = {368B0532-0470-47DF-A302-4831BAEFFEC8}
		{EFC1EED8-01C6-4B03-926B-6E9A39B51BFB} = {368B0532-0470-47DF-A302-4831BAEFFEC8}
		{EE3E481A-9401-41D3-B454-93D982099481} = {368B0532-0470-47DF-A302-4831BAEFFEC8}
		{CBB2E156-66D8-417F-9227-C0623F506653} = {C98D0612-3D82-431C-AA6D-BB75A7665B57}
		{7DF4CDC8-33EF-4456-96AB-2A030130B717} = {C98D0612-3D82-431C-AA6D-BB75A7665B57}
		{8D9BEDF5-8AF1-4358-8038-82FE6E71902B} = {C98D0612-3D82-431C-AA6D-BB75A7665B57}
		{0DD87896-F2AB-4FC8-9323-49E22AD1569C} = {C98D0612-3D82-431C-AA6D-BB75A7665B57}
		{F1F7A35F-9156-4498-9B13-2C01FED33F72} = {C98D0612-3D82-431C-AA6D-BB75A7665B57}
		{D9769C7A-D75F-49A9-9A78-999A60DBDE24} = {368B0532-0470-47DF-A302-4831BAEFFEC8}
		{2A0BFD7B-4737-4932-B937-83F7958703F0} = {368B0532-0470-47DF-A302-4831BAEFFEC8}
	EndGlobalSection
	GlobalSection(ExtensibilityGlobals) = postSolution
		SolutionGuid = {0582D994-A93E-4AB3-A4B2-7F1FC9405215}
	EndGlobalSection
EndGlobal
